// !$*UTF8*$!
{ archiveVersion = 1; classes = {}; objectVersion = 56; objects = {
00000000000000000000000A = {isa = PBXFileReference; lastKnownFileType = sourcecode.swift; path = "AppDelegate.swift"; sourceTree = "<group>"; };
00000000000000000000001E = {isa = PBXBuildFile; fileRef = 00000000000000000000000A; };
00000000000000000000000B = {isa = PBXFileReference; lastKnownFileType = sourcecode.swift; path = "VentaModel.swift"; sourceTree = "<group>"; };
00000000000000000000001F = {isa = PBXBuildFile; fileRef = 00000000000000000000000B; };
00000000000000000000000C = {isa = PBXFileReference; lastKnownFileType = sourcecode.swift; path = "NuevaVentaViewController.swift"; sourceTree = "<group>"; };
000000000000000000000020 = {isa = PBXBuildFile; fileRef = 00000000000000000000000C; };
00000000000000000000000D = {isa = PBXFileReference; lastKnownFileType = sourcecode.swift; path = "ResultadoViewController.swift"; sourceTree = "<group>"; };
000000000000000000000021 = {isa = PBXBuildFile; fileRef = 00000000000000000000000D; };
00000000000000000000000E = {isa = PBXFileReference; lastKnownFileType = file.storyboard; path = "Base.lproj/Main.storyboard"; sourceTree = "<group>"; };
000000000000000000000022 = {isa = PBXBuildFile; fileRef = 00000000000000000000000E; };
00000000000000000000000F = {isa = PBXFileReference; lastKnownFileType = text.plist.xml; path = "Info.plist"; sourceTree = "<group>"; };
000000000000000000000001 = {isa = PBXProject; buildConfigurationList = 000000000000000000000032; compatibilityVersion = "Xcode 14.0"; developmentRegion = es; knownRegions = (es, Base); mainGroup = 000000000000000000000002; productRefGroup = 000000000000000000000004; projectDirPath = ""; projectRoot = ""; targets = (000000000000000000000005); };
000000000000000000000002 = {isa = PBXGroup; children = (000000000000000000000003, 000000000000000000000004); sourceTree = "<group>"; };
000000000000000000000003 = {isa = PBXGroup; children = (00000000000000000000000A, 00000000000000000000000B, 00000000000000000000000C, 00000000000000000000000D, 00000000000000000000000E, 00000000000000000000000F); path = Semana06_VentaPlazos; sourceTree = "<group>"; };
000000000000000000000004 = {isa = PBXGroup; children = (000000000000000000000006); name = Products; sourceTree = "<group>"; };
000000000000000000000005 = {isa = PBXNativeTarget; buildConfigurationList = 000000000000000000000033; buildPhases = (000000000000000000000007, 000000000000000000000008, 000000000000000000000009); buildRules = (); dependencies = (); name = Semana06_VentaPlazos; productName = Semana06_VentaPlazos; productReference = 000000000000000000000006; productType = "com.apple.product-type.application"; };
000000000000000000000006 = {isa = PBXFileReference; explicitFileType = wrapper.application; includeInIndex = 0; path = Semana06_VentaPlazos.app; sourceTree = BUILT_PRODUCTS_DIR; };
000000000000000000000007 = {isa = PBXSourcesBuildPhase; buildActionMask = 2147483647; files = (00000000000000000000001E, 00000000000000000000001F, 000000000000000000000020, 000000000000000000000021); runOnlyForDeploymentPostprocessing = 0; };
000000000000000000000008 = {isa = PBXFrameworksBuildPhase; buildActionMask = 2147483647; files = (); runOnlyForDeploymentPostprocessing = 0; };
000000000000000000000009 = {isa = PBXResourcesBuildPhase; buildActionMask = 2147483647; files = (000000000000000000000022); runOnlyForDeploymentPostprocessing = 0; };
000000000000000000000034 = {isa = XCBuildConfiguration; buildSettings = {SDKROOT = iphoneos; IPHONEOS_DEPLOYMENT_TARGET = 15.0; CLANG_ENABLE_MODULES = YES; CLANG_ENABLE_OBJC_ARC = YES; SWIFT_OPTIMIZATION_LEVEL = "-Onone";}; name = Debug; };
000000000000000000000035 = {isa = XCBuildConfiguration; buildSettings = {SDKROOT = iphoneos; IPHONEOS_DEPLOYMENT_TARGET = 15.0; CLANG_ENABLE_MODULES = YES; CLANG_ENABLE_OBJC_ARC = YES;}; name = Release; };
000000000000000000000036 = {isa = XCBuildConfiguration; buildSettings = {CODE_SIGN_STYLE = Automatic; GENERATE_INFOPLIST_FILE = NO; INFOPLIST_FILE = Semana06_VentaPlazos/Info.plist; PRODUCT_BUNDLE_IDENTIFIER = com.yojhanhuanca.Semana06VentaPlazos; PRODUCT_NAME = "$(TARGET_NAME)"; SWIFT_VERSION = 5.0; TARGETED_DEVICE_FAMILY = "1,2"; LD_RUNPATH_SEARCH_PATHS = "$(inherited) @executable_path/Frameworks";}; name = Debug; };
000000000000000000000037 = {isa = XCBuildConfiguration; buildSettings = {CODE_SIGN_STYLE = Automatic; GENERATE_INFOPLIST_FILE = NO; INFOPLIST_FILE = Semana06_VentaPlazos/Info.plist; PRODUCT_BUNDLE_IDENTIFIER = com.yojhanhuanca.Semana06VentaPlazos; PRODUCT_NAME = "$(TARGET_NAME)"; SWIFT_VERSION = 5.0; TARGETED_DEVICE_FAMILY = "1,2"; LD_RUNPATH_SEARCH_PATHS = "$(inherited) @executable_path/Frameworks";}; name = Release; };
000000000000000000000032 = {isa = XCConfigurationList; buildConfigurations = (000000000000000000000034, 000000000000000000000035); defaultConfigurationIsVisible = 0; defaultConfigurationName = Release; };
000000000000000000000033 = {isa = XCConfigurationList; buildConfigurations = (000000000000000000000036, 000000000000000000000037); defaultConfigurationIsVisible = 0; defaultConfigurationName = Release; };
}; rootObject = 000000000000000000000001; }
